
Microsoft Visual Studio Solution File, Format Version 12.00
# Visual Studio Version 17
VisualStudioVersion = 17.0.31521.260
MinimumVisualStudioVersion = 10.0.40219.1
Project("{FAE04EC0-301F-11D3-BF4B-00C04F79EFBC}") = "ExamenU2", "ExamenU2.csproj", "{6EA0954E-23F7-4F4B-868B-2826CC197585}"
EndProject
Global
	GlobalSection(SolutionConfigurationPlatforms) = preSolution
		Debug|Any CPU = Debug|Any CPU
		Release|Any CPU = Release|Any CPU
	EndGlobalSection
	GlobalSection(ProjectConfigurationPlatforms) = postSolution
		{6EA0954E-23F7-4F4B-868B-2826CC197585}.Debug|Any CPU.ActiveCfg = Debug|Any CPU
		{6EA0954E-23F7-4F4B-868B-2826CC197585}.Debug|Any CPU.Build.0 = Debug|Any CPU
		{6EA0954E-23F7-4F4B-868B-2826CC197585}.Release|Any CPU.ActiveCfg = Release|Any CPU
		{6EA0954E-23F7-4F4B-868B-2826CC197585}.Release|Any CPU.Build.0 = Release|Any CPU
	EndGlobalSection
	GlobalSection(SolutionProperties) = preSolution
		HideSolutionNode = FALSE
	EndGlobalSection
	GlobalSection(ExtensibilityGlobals) = postSolution
		SolutionGuid = {CFFCAC5C-64F5-4DF3-8066-DCBF6C635FA4}
	EndGlobalSection
EndGlobal
